<?xml version="1.0" encoding="utf-8"?>
<Project ToolsVersion="4.0" xmlns="http://schemas.microsoft.com/developer/msbuild/2003">
  <ItemGroup>
    <Filter Include="Resource Files">
      <UniqueIdentifier>{67DA6AB6-F800-4c08-8B7A-83BB121AAD01}</UniqueIdentifier>
      <Extensions>rc;ico;cur;bmp;dlg;rc2;rct;bin;rgs;gif;jpg;jpeg;jpe;resx;tiff;tif;png;wav;mfcribbon-ms</Extensions>
    </Filter>
    <Filter Include="Managers">
      <UniqueIdentifier>{7180f473-3376-42b7-8db3-755ca4bf1cde}</UniqueIdentifier>
    </Filter>
    <Filter Include="GameObjects">
      <UniqueIdentifier>{d1b52b80-1924-499f-929b-13e667834493}</UniqueIdentifier>
    </Filter>
    <Filter Include="_Main">
      <UniqueIdentifier>{3dc0fad7-fbf6-4dc2-ab2a-c88e7de53feb}</UniqueIdentifier>
    </Filter>
  </ItemGroup>
  <ItemGroup>
    <ClCompile Include="GameObject.cpp">
      <Filter>GameObjects</Filter>
    </ClCompile>
    <ClCompile Include="CollisionManager.cpp">
      <Filter>Managers</Filter>
    </ClCompile>
    <ClCompile Include="EventManager.cpp">
      <Filter>Managers</Filter>
    </ClCompile>
    <ClCompile Include="MathManager.cpp">
      <Filter>Managers</Filter>
    </ClCompile>
    <ClCompile Include="RenderManager.cpp">
      <Filter>Managers</Filter>
    </ClCompile>
    <ClCompile Include="StateManager.cpp">
      <Filter>Managers</Filter>
    </ClCompile>
    <ClCompile Include="TextureManager.cpp">
      <Filter>Managers</Filter>
    </ClCompile>
    <ClCompile Include="Engine.cpp">
      <Filter>_Main</Filter>
    </ClCompile>
    <ClCompile Include="Main.cpp">
      <Filter>_Main</Filter>
    </ClCompile>
    <ClCompile Include="States.cpp">
      <Filter>_Main</Filter>
    </ClCompile>
    <ClCompile Include="SoundManager.cpp">
      <Filter>Managers</Filter>
    </ClCompile>
    <ClCompile Include="Primitives.cpp">
      <Filter>GameObjects</Filter>
    </ClCompile>
    <ClCompile Include="DebugManager.cpp">
      <Filter>Managers</Filter>
    </ClCompile>
    <ClCompile Include="FontManager.cpp">
      <Filter>Managers</Filter>
    </ClCompile>
    <ClCompile Include="Button3.cpp">
      <Filter>GameObjects</Filter>
    </ClCompile>
    <ClCompile Include="TiledLevel.cpp">
      <Filter>GameObjects</Filter>
    </ClCompile>
    <ClCompile Include="Player.cpp">
      <Filter>GameObjects</Filter>
    </ClCompile>
    <ClCompile Include="Pathing.cpp">
      <Filter>GameObjects</Filter>
    </ClCompile>
    <ClCompile Include="PathManager.cpp">
      <Filter>Managers</Filter>
    </ClCompile>
  </ItemGroup>
  <ItemGroup>
    <ClInclude Include="GameObject.h">
      <Filter>GameObjects</Filter>
    </ClInclude>
    <ClInclude Include="CollisionManager.h">
      <Filter>Managers</Filter>
    </ClInclude>
    <ClInclude Include="EventManager.h">
      <Filter>Managers</Filter>
    </ClInclude>
    <ClInclude Include="MathManager.h">
      <Filter>Managers</Filter>
    </ClInclude>
    <ClInclude Include="RenderManager.h">
      <Filter>Managers</Filter>
    </ClInclude>
    <ClInclude Include="StateManager.h">
      <Filter>Managers</Filter>
    </ClInclude>
    <ClInclude Include="TextureManager.h">
      <Filter>Managers</Filter>
    </ClInclude>
    <ClInclude Include="States.h">
      <Filter>_Main</Filter>
    </ClInclude>
    <ClInclude Include="Engine.h">
      <Filter>_Main</Filter>
    </ClInclude>
    <ClInclude Include="SoundManager.h">
      <Filter>Managers</Filter>
    </ClInclude>
    <ClInclude Include="Primitives.h">
      <Filter>GameObjects</Filter>
    </ClInclude>
    <ClInclude Include="DebugManager.h">
      <Filter>Managers</Filter>
    </ClInclude>
    <ClInclude Include="FontManager.h">
      <Filter>Managers</Filter>
    </ClInclude>
    <ClInclude Include="Button3.h">
      <Filter>GameObjects</Filter>
    </ClInclude>
    <ClInclude Include="TiledLevel.h">
      <Filter>GameObjects</Filter>
    </ClInclude>
    <ClInclude Include="Player.h">
      <Filter>GameObjects</Filter>
    </ClInclude>
    <ClInclude Include="Pathing.h">
      <Filter>GameObjects</Filter>
    </ClInclude>
    <ClInclude Include="PathManager.h">
      <Filter>Managers</Filter>
    </ClInclude>
  </ItemGroup>
  <ItemGroup>
    <Image Include="..\Assets\img\Maga.png">
      <Filter>Resource Files</Filter>
    </Image>
    <Image Include="..\Assets\img\play.png">
      <Filter>Resource Files</Filter>
    </Image>
    <Image Include="..\Assets\img\Tiles.png">
      <Filter>Resource Files</Filter>
    </Image>
  </ItemGroup>
  <ItemGroup>
    <Text Include="..\Assets\dat\Level1.txt">
      <Filter>Resource Files</Filter>
    </Text>
    <Text Include="..\Assets\dat\Tiledata.txt">
      <Filter>Resource Files</Filter>
    </Text>
  </ItemGroup>
</Project>